<?xml version="1.0" encoding="utf-8"?>
<Project ToolsVersion="4.0" xmlns="http://schemas.microsoft.com/developer/msbuild/2003">
  <ItemGroup>
    <Filter Include="Source Files">
      <UniqueIdentifier>{4FC737F1-C7A5-4376-A066-2A32D752A2FF}</UniqueIdentifier>
      <Extensions>cpp;c;cc;cxx;c++;cppm;ixx;def;odl;idl;hpj;bat;asm;asmx</Extensions>
    </Filter>
    <Filter Include="Header Files">
      <UniqueIdentifier>{93995380-89BD-4b04-88EB-625FBE52EBFB}</UniqueIdentifier>
      <Extensions>h;hh;hpp;hxx;h++;hm;inl;inc;ipp;xsd</Extensions>
    </Filter>
    <Filter Include="Resource Files">
      <UniqueIdentifier>{67DA6AB6-F800-4c08-8B7A-83BB121AAD01}</UniqueIdentifier>
      <Extensions>rc;ico;cur;bmp;dlg;rc2;rct;bin;rgs;gif;jpg;jpeg;jpe;resx;tiff;tif;png;wav;mfcribbon-ms</Extensions>
    </Filter>
  </ItemGroup>
  <ItemGroup>
    <ClInclude Include="framework.h">
      <Filter>Header Files</Filter>
    </ClInclude>
    <ClInclude Include="pch.h">
      <Filter>Header Files</Filter>
    </ClInclude>
    <ClInclude Include="Domain\ValueObjects\Vector3.h">
      <Filter>Header Files</Filter>
    </ClInclude>
    <ClInclude Include="Domain\Entities\Drop.h">
      <Filter>Header Files</Filter>
    </ClInclude>
    <ClInclude Include="Domain\Entities\Hero.h">
      <Filter>Header Files</Filter>
    </ClInclude>
    <ClInclude Include="Domain\Entities\NPC.h">
      <Filter>Header Files</Filter>
    </ClInclude>
    <ClInclude Include="Domain\Entities\Player.h">
      <Filter>Header Files</Filter>
    </ClInclude>
    <ClInclude Include="Domain\Entities\WorldObject.h">
      <Filter>Header Files</Filter>
    </ClInclude>
    <ClInclude Include="Domain\Enums\ClassEnum.h">
      <Filter>Header Files</Filter>
    </ClInclude>
    <ClInclude Include="Domain\Enums\RaceEnum.h">
      <Filter>Header Files</Filter>
    </ClInclude>
    <ClInclude Include="Domain\ValueObjects\ExperienceInfo.h">
      <Filter>Header Files</Filter>
    </ClInclude>
    <ClInclude Include="Domain\ValueObjects\FullName.h">
      <Filter>Header Files</Filter>
    </ClInclude>
    <ClInclude Include="Domain\ValueObjects\InventoryInfo.h">
      <Filter>Header Files</Filter>
    </ClInclude>
    <ClInclude Include="Domain\ValueObjects\PermanentStats.h">
      <Filter>Header Files</Filter>
    </ClInclude>
    <ClInclude Include="Domain\ValueObjects\Phenotype.h">
      <Filter>Header Files</Filter>
    </ClInclude>
    <ClInclude Include="Domain\ValueObjects\Reputation.h">
      <Filter>Header Files</Filter>
    </ClInclude>
    <ClInclude Include="Domain\ValueObjects\Transform.h">
      <Filter>Header Files</Filter>
    </ClInclude>
    <ClInclude Include="Domain\ValueObjects\VariableStats.h">
      <Filter>Header Files</Filter>
    </ClInclude>
    <ClInclude Include="Domain\ValueObjects\VitalStats.h">
      <Filter>Header Files</Filter>
    </ClInclude>
    <ClInclude Include="Domain\Services\EntityService.h">
      <Filter>Header Files</Filter>
    </ClInclude>
    <ClInclude Include="Domain\Repositories\EntityRepositoryInterface.h">
      <Filter>Header Files</Filter>
    </ClInclude>
    <ClInclude Include="Domain\Enums\EntityStateEnum.h">
      <Filter>Header Files</Filter>
    </ClInclude>
    <ClInclude Include="Domain\Serializers\Serializable.h">
      <Filter>Header Files</Filter>
    </ClInclude>
    <ClInclude Include="Domain\Serializers\SerializerInterface.h">
      <Filter>Header Files</Filter>
    </ClInclude>
    <ClInclude Include="Domain\Serializers\Node.h">
      <Filter>Header Files</Filter>
    </ClInclude>
    <ClInclude Include="Domain\Serializers\SerializableStateContainer.h">
      <Filter>Header Files</Filter>
    </ClInclude>
    <ClInclude Include="Domain\Transports\TransportInterface.h">
      <Filter>Header Files</Filter>
    </ClInclude>
    <ClInclude Include="Domain\Enums\SpoilStateEnum.h">
      <Filter>Header Files</Filter>
    </ClInclude>
    <ClInclude Include="Domain\Entities\Skill.h">
      <Filter>Header Files</Filter>
    </ClInclude>
    <ClInclude Include="Domain\ValueObjects\BaseItem.h">
      <Filter>Header Files</Filter>
    </ClInclude>
    <ClInclude Include="Domain\DTO\EntityState.h">
      <Filter>Header Files</Filter>
    </ClInclude>
    <ClInclude Include="Domain\Entities\EntityInterface.h">
      <Filter>Header Files</Filter>
    </ClInclude>
  </ItemGroup>
  <ItemGroup>
    <ClCompile Include="pch.cpp">
      <Filter>Source Files</Filter>
    </ClCompile>
  </ItemGroup>
</Project>