<?xml version="1.0" encoding="utf-8"?>
<Project ToolsVersion="4.0" xmlns="http://schemas.microsoft.com/developer/msbuild/2003">
  <ItemGroup>
    <Filter Include="Source Files">
      <UniqueIdentifier>{4FC737F1-C7A5-4376-A066-2A32D752A2FF}</UniqueIdentifier>
      <Extensions>cpp;c;cc;cxx;c++;cppm;ixx;def;odl;idl;hpj;bat;asm;asmx</Extensions>
    </Filter>
    <Filter Include="Header Files">
      <UniqueIdentifier>{93995380-89BD-4b04-88EB-625FBE52EBFB}</UniqueIdentifier>
      <Extensions>h;hh;hpp;hxx;h++;hm;inl;inc;ipp;xsd</Extensions>
    </Filter>
    <Filter Include="Resource Files">
      <UniqueIdentifier>{67DA6AB6-F800-4c08-8B7A-83BB121AAD01}</UniqueIdentifier>
      <Extensions>rc;ico;cur;bmp;dlg;rc2;rct;bin;rgs;gif;jpg;jpeg;jpe;resx;tiff;tif;png;wav;mfcribbon-ms</Extensions>
    </Filter>
  </ItemGroup>
  <ItemGroup>
    <ClInclude Include="framework.h">
      <Filter>Header Files</Filter>
    </ClInclude>
    <ClInclude Include="pch.h">
      <Filter>Header Files</Filter>
    </ClInclude>
    <ClInclude Include="Common\apihook.h">
      <Filter>Header Files</Filter>
    </ClInclude>
    <ClInclude Include="Versions\GameStructs\GameStructs.h">
      <Filter>Header Files</Filter>
    </ClInclude>
    <ClInclude Include="Versions\Interlude\GameStructs\NetworkHandlerWrapper.h">
      <Filter>Header Files</Filter>
    </ClInclude>
    <ClInclude Include="Versions\Interlude\Repositories\DropRepository.h">
      <Filter>Header Files</Filter>
    </ClInclude>
    <ClInclude Include="Transports\DebugViewTransport.h">
      <Filter>Header Files</Filter>
    </ClInclude>
    <ClInclude Include="Transports\NamedPipeTransport.h">
      <Filter>Header Files</Filter>
    </ClInclude>
    <ClInclude Include="Transports\NamedPipe.h">
      <Filter>Header Files</Filter>
    </ClInclude>
    <ClInclude Include="Common\Common.h">
      <Filter>Header Files</Filter>
    </ClInclude>
    <ClInclude Include="Versions\Interlude\GameStructs\FName.h">
      <Filter>Header Files</Filter>
    </ClInclude>
    <ClInclude Include="Versions\Interlude\GameStructs\L2GameDataWrapper.h">
      <Filter>Header Files</Filter>
    </ClInclude>
    <ClInclude Include="Versions\VersionAbstractFactory.h">
      <Filter>Header Files</Filter>
    </ClInclude>
    <ClInclude Include="Versions\Interlude\Factories\DropFactory.h">
      <Filter>Header Files</Filter>
    </ClInclude>
    <ClInclude Include="Versions\Interlude\AbstractFactory.h">
      <Filter>Header Files</Filter>
    </ClInclude>
    <ClInclude Include="Events\Event.h">
      <Filter>Header Files</Filter>
    </ClInclude>
    <ClInclude Include="Events\SpoiledEvent.h">
      <Filter>Header Files</Filter>
    </ClInclude>
    <ClInclude Include="Events\EventDispatcher.h">
      <Filter>Header Files</Filter>
    </ClInclude>
    <ClInclude Include="Events\CreatureDiedEvent.h">
      <Filter>Header Files</Filter>
    </ClInclude>
    <ClInclude Include="Versions\GameStructs\NetworkHandlerInterface.h">
      <Filter>Header Files</Filter>
    </ClInclude>
    <ClInclude Include="Versions\Interlude\GameStructs\GameStructs.h">
      <Filter>Header Files</Filter>
    </ClInclude>
    <ClInclude Include="Versions\GameStructs\FindObjectsTrait.h">
      <Filter>Header Files</Filter>
    </ClInclude>
    <ClInclude Include="Versions\GameStructs\L2GameDataInterface.h">
      <Filter>Header Files</Filter>
    </ClInclude>
    <ClInclude Include="Versions\GameStructs\FNameInterface.h">
      <Filter>Header Files</Filter>
    </ClInclude>
    <ClInclude Include="Application.h">
      <Filter>Header Files</Filter>
    </ClInclude>
    <ClInclude Include="Services\WorldHandler.h">
      <Filter>Header Files</Filter>
    </ClInclude>
    <ClInclude Include="Versions\GameStructs\GameEngineInterface.h">
      <Filter>Header Files</Filter>
    </ClInclude>
    <ClInclude Include="Versions\Interlude\GameStructs\GameEngineWrapper.h">
      <Filter>Header Files</Filter>
    </ClInclude>
    <ClInclude Include="Versions\Interlude\GameStructs\L2ParamStack.h">
      <Filter>Header Files</Filter>
    </ClInclude>
    <ClInclude Include="Events\SkillCreatedEvent.h">
      <Filter>Header Files</Filter>
    </ClInclude>
    <ClInclude Include="Events\SkillUsedEvent.h">
      <Filter>Header Files</Filter>
    </ClInclude>
    <ClInclude Include="Events\SkillCancelledEvent.h">
      <Filter>Header Files</Filter>
    </ClInclude>
    <ClInclude Include="Common\TimerMap.h">
      <Filter>Header Files</Filter>
    </ClInclude>
    <ClInclude Include="Events\HeroCreatedEvent.h">
      <Filter>Header Files</Filter>
    </ClInclude>
    <ClInclude Include="Events\HeroDeletedEvent.h">
      <Filter>Header Files</Filter>
    </ClInclude>
    <ClInclude Include="Events\AbnormalEffectChangedEvent.h">
      <Filter>Header Files</Filter>
    </ClInclude>
    <ClInclude Include="Serializers\JsonSerializer.h">
      <Filter>Header Files</Filter>
    </ClInclude>
    <ClInclude Include="Services\EntityFinder.h">
      <Filter>Header Files</Filter>
    </ClInclude>
    <ClInclude Include="Versions\Interlude\Factories\HeroFactory.h">
      <Filter>Header Files</Filter>
    </ClInclude>
    <ClInclude Include="Versions\Interlude\Repositories\HeroRepository.h">
      <Filter>Header Files</Filter>
    </ClInclude>
    <ClInclude Include="Versions\Interlude\Factories\NPCFactory.h">
      <Filter>Header Files</Filter>
    </ClInclude>
    <ClInclude Include="Versions\Interlude\Repositories\NPCRepository.h">
      <Filter>Header Files</Filter>
    </ClInclude>
    <ClInclude Include="Versions\Interlude\Factories\PlayerFactory.h">
      <Filter>Header Files</Filter>
    </ClInclude>
    <ClInclude Include="Versions\Interlude\Repositories\PlayerRepository.h">
      <Filter>Header Files</Filter>
    </ClInclude>
    <ClInclude Include="Versions\Interlude\Factories\SkillFactory.h">
      <Filter>Header Files</Filter>
    </ClInclude>
    <ClInclude Include="Versions\Interlude\Repositories\SkillRepository.h">
      <Filter>Header Files</Filter>
    </ClInclude>
    <ClInclude Include="Versions\Interlude\Factories\ItemFactory.h">
      <Filter>Header Files</Filter>
    </ClInclude>
    <ClInclude Include="Versions\Interlude\Repositories\ItemRepository.h">
      <Filter>Header Files</Filter>
    </ClInclude>
    <ClInclude Include="Events\ItemCreatedEvent.h">
      <Filter>Header Files</Filter>
    </ClInclude>
    <ClInclude Include="DTO\ItemData.h">
      <Filter>Header Files</Filter>
    </ClInclude>
    <ClInclude Include="Events\ItemUpdatedEvent.h">
      <Filter>Header Files</Filter>
    </ClInclude>
    <ClInclude Include="Events\ItemDeletedEvent.h">
      <Filter>Header Files</Filter>
    </ClInclude>
    <ClInclude Include="Events\ItemAutousedEvent.h">
      <Filter>Header Files</Filter>
    </ClInclude>
    <ClInclude Include="Versions\Interlude\Factories\AbnormalEffectFactory.h">
      <Filter>Header Files</Filter>
    </ClInclude>
    <ClInclude Include="Versions\Interlude\Repositories\AbnormalEffectRepository.h">
      <Filter>Header Files</Filter>
    </ClInclude>
    <ClInclude Include="Events\GameEngineTickedEvent.h">
      <Filter>Header Files</Filter>
    </ClInclude>
    <ClInclude Include="Versions\Interlude\Helpers\EnchantHelper.h">
      <Filter>Header Files</Filter>
    </ClInclude>
    <ClInclude Include="DTO\ChatMessage.h">
      <Filter>Header Files</Filter>
    </ClInclude>
    <ClInclude Include="Events\ChatMessageCreatedEvent.h">
      <Filter>Header Files</Filter>
    </ClInclude>
    <ClInclude Include="Versions\Interlude\Factories\ChatMessageFactory.h">
      <Filter>Header Files</Filter>
    </ClInclude>
    <ClInclude Include="Versions\Interlude\Repositories\ChatMessageRepository.h">
      <Filter>Header Files</Filter>
    </ClInclude>
    <ClInclude Include="Events\OnEndItemListEvent.h">
      <Filter>Header Files</Filter>
    </ClInclude>
    <ClInclude Include="ThirdParty\json.hpp">
      <Filter>Header Files</Filter>
    </ClInclude>
    <ClInclude Include="Serializers\JsonIncomingMessageFactory.h">
      <Filter>Header Files</Filter>
    </ClInclude>
    <ClInclude Include="Versions\Interlude\Services\HeroService.h">
      <Filter>Header Files</Filter>
    </ClInclude>
  </ItemGroup>
  <ItemGroup>
    <ClCompile Include="dllmain.cpp">
      <Filter>Source Files</Filter>
    </ClCompile>
    <ClCompile Include="pch.cpp">
      <Filter>Source Files</Filter>
    </ClCompile>
    <ClCompile Include="Common\apihook.cpp">
      <Filter>Source Files</Filter>
    </ClCompile>
    <ClCompile Include="Versions\Interlude\GameStructs\NetworkHandlerWrapper.cpp">
      <Filter>Source Files</Filter>
    </ClCompile>
    <ClCompile Include="Common\Common.cpp">
      <Filter>Source Files</Filter>
    </ClCompile>
    <ClCompile Include="Versions\Interlude\GameStructs\FName.cpp">
      <Filter>Source Files</Filter>
    </ClCompile>
    <ClCompile Include="Versions\Interlude\GameStructs\L2GameDataWrapper.cpp">
      <Filter>Source Files</Filter>
    </ClCompile>
    <ClCompile Include="Versions\VersionAbstractFactory.cpp">
      <Filter>Source Files</Filter>
    </ClCompile>
    <ClCompile Include="Versions\Interlude\GameStructs\L2ParamStack.cpp">
      <Filter>Source Files</Filter>
    </ClCompile>
    <ClCompile Include="Versions\Interlude\GameStructs\GameEngineWrapper.cpp">
      <Filter>Source Files</Filter>
    </ClCompile>
  </ItemGroup>
</Project>